
Microsoft Visual Studio Solution File, Format Version 12.00
# Visual Studio Version 17
VisualStudioVersion = 17.2.32630.192
MinimumVisualStudioVersion = 10.0.40219.1
Project("{9A19103F-16F7-4668-BE54-9A1E7A4F7556}") = "HousePricePrediction", "HousePricePrediction.csproj", "{478B6EC2-FFE8-48E2-91CE-D3D50BEACE6B}"
EndProject
Global
	GlobalSection(SolutionConfigurationPlatforms) = preSolution
		Debug|Any CPU = Debug|Any CPU
		Release|Any CPU = Release|Any CPU
	EndGlobalSection
	GlobalSection(ProjectConfigurationPlatforms) = postSolution
		{478B6EC2-FFE8-48E2-91CE-D3D50BEACE6B}.Debug|Any CPU.ActiveCfg = Debug|Any CPU
		{478B6EC2-FFE8-48E2-91CE-D3D50BEACE6B}.Debug|Any CPU.Build.0 = Debug|Any CPU
		{478B6EC2-FFE8-48E2-91CE-D3D50BEACE6B}.Release|Any CPU.ActiveCfg = Release|Any CPU
		{478B6EC2-FFE8-48E2-91CE-D3D50BEACE6B}.Release|Any CPU.Build.0 = Release|Any CPU
	EndGlobalSection
	GlobalSection(SolutionProperties) = preSolution
		HideSolutionNode = FALSE
	EndGlobalSection
	GlobalSection(ExtensibilityGlobals) = postSolution
		SolutionGuid = {5205894D-EF1E-479F-906D-DB1A9C8067FE}
	EndGlobalSection
EndGlobal
